
Microsoft Visual Studio Solution File, Format Version 12.00
# Visual Studio Version 17
VisualStudioVersion = 17.14.36221.1
MinimumVisualStudioVersion = 10.0.40219.1
Project("{FAE04EC0-301F-11D3-BF4B-00C04F79EFBC}") = "HackerRank", "HackerRank\HackerRank.csproj", "{4301C4D2-8BA9-4D3F-85B3-F0D6960159AB}"
EndProject
Project("{FAE04EC0-301F-11D3-BF4B-00C04F79EFBC}") = "AVeryBigSum", "AVeryBigSum\AVeryBigSum.csproj", "{B669CFA7-36F6-401F-B8D4-580651A544D4}"
EndProject
Project("{FAE04EC0-301F-11D3-BF4B-00C04F79EFBC}") = "LeftRotation", "LeftRotation\LeftRotation.csproj", "{57EBB3A9-E2D9-458C-A407-53865B81A899}"
EndProject
Project("{FAE04EC0-301F-11D3-BF4B-00C04F79EFBC}") = "ArrayManipulation", "ArrayManipulation\ArrayManipulation.csproj", "{69B58D69-5DDC-4844-8746-A6916866EF60}"
EndProject
Project("{FAE04EC0-301F-11D3-BF4B-00C04F79EFBC}") = "CompareTheTriplets", "CompareTheTriplets\CompareTheTriplets.csproj", "{333C16B0-F221-425E-B502-842C58AD1B00}"
EndProject
Project("{FAE04EC0-301F-11D3-BF4B-00C04F79EFBC}") = "DiagonalDifference", "DiagonalDifference\DiagonalDifference.csproj", "{C3AECCD1-8D61-474A-A698-1FB42182DE73}"
EndProject
Project("{FAE04EC0-301F-11D3-BF4B-00C04F79EFBC}") = "StairCase", "StairCase\StairCase.csproj", "{63D8FAD3-0FBF-4216-B719-B4E814F014D6}"
EndProject
Project("{FAE04EC0-301F-11D3-BF4B-00C04F79EFBC}") = "LookupWithBinarySearch", "LookupWithBinarySearch\LookupWithBinarySearch.csproj", "{BF6D3A28-C94C-4114-AC52-EC5F3FB00E0D}"
EndProject
Project("{FAE04EC0-301F-11D3-BF4B-00C04F79EFBC}") = "FindSmallestMissingPositiveInteger", "FindSmallestMissingPositiveInteger\FindSmallestMissingPositiveInteger.csproj", "{B6F32110-52EC-41AD-8893-5C3DC8E41C08}"
EndProject
Project("{FAE04EC0-301F-11D3-BF4B-00C04F79EFBC}") = "LINQPractice", "LINQPractice\LINQPractice.csproj", "{3C1B3A52-54C4-406D-98AB-A610ECDFD636}"
EndProject
Project("{FAE04EC0-301F-11D3-BF4B-00C04F79EFBC}") = "ValidParentheses", "ValidParentheses\ValidParentheses.csproj", "{14E7D1D9-7217-4B36-B9E7-477544005C26}"
EndProject
Project("{FAE04EC0-301F-11D3-BF4B-00C04F79EFBC}") = "AddTwoNumbers", "AddTwoNumbers\AddTwoNumbers.csproj", "{D4C1C0A7-2F58-4C05-AC86-1430578BCA3E}"
EndProject
Project("{FAE04EC0-301F-11D3-BF4B-00C04F79EFBC}") = "RemoveDuplicate", "RemoveDuplicate\RemoveDuplicate.csproj", "{4D5D9C57-D1F6-4D48-BEC5-0172EC80C23A}"
EndProject
Project("{FAE04EC0-301F-11D3-BF4B-00C04F79EFBC}") = "ContainerWithMostWater", "ContainerWithMostWater\ContainerWithMostWater.csproj", "{BBD615EC-291D-404D-8BD2-A3711151BDF3}"
EndProject
Global
	GlobalSection(SolutionConfigurationPlatforms) = preSolution
		Debug|Any CPU = Debug|Any CPU
		Release|Any CPU = Release|Any CPU
	EndGlobalSection
	GlobalSection(ProjectConfigurationPlatforms) = postSolution
		{4301C4D2-8BA9-4D3F-85B3-F0D6960159AB}.Debug|Any CPU.ActiveCfg = Debug|Any CPU
		{4301C4D2-8BA9-4D3F-85B3-F0D6960159AB}.Debug|Any CPU.Build.0 = Debug|Any CPU
		{4301C4D2-8BA9-4D3F-85B3-F0D6960159AB}.Release|Any CPU.ActiveCfg = Release|Any CPU
		{4301C4D2-8BA9-4D3F-85B3-F0D6960159AB}.Release|Any CPU.Build.0 = Release|Any CPU
		{B669CFA7-36F6-401F-B8D4-580651A544D4}.Debug|Any CPU.ActiveCfg = Debug|Any CPU
		{B669CFA7-36F6-401F-B8D4-580651A544D4}.Debug|Any CPU.Build.0 = Debug|Any CPU
		{B669CFA7-36F6-401F-B8D4-580651A544D4}.Release|Any CPU.ActiveCfg = Release|Any CPU
		{B669CFA7-36F6-401F-B8D4-580651A544D4}.Release|Any CPU.Build.0 = Release|Any CPU
		{57EBB3A9-E2D9-458C-A407-53865B81A899}.Debug|Any CPU.ActiveCfg = Debug|Any CPU
		{57EBB3A9-E2D9-458C-A407-53865B81A899}.Debug|Any CPU.Build.0 = Debug|Any CPU
		{57EBB3A9-E2D9-458C-A407-53865B81A899}.Release|Any CPU.ActiveCfg = Release|Any CPU
		{57EBB3A9-E2D9-458C-A407-53865B81A899}.Release|Any CPU.Build.0 = Release|Any CPU
		{69B58D69-5DDC-4844-8746-A6916866EF60}.Debug|Any CPU.ActiveCfg = Debug|Any CPU
		{69B58D69-5DDC-4844-8746-A6916866EF60}.Debug|Any CPU.Build.0 = Debug|Any CPU
		{69B58D69-5DDC-4844-8746-A6916866EF60}.Release|Any CPU.ActiveCfg = Release|Any CPU
		{69B58D69-5DDC-4844-8746-A6916866EF60}.Release|Any CPU.Build.0 = Release|Any CPU
		{333C16B0-F221-425E-B502-842C58AD1B00}.Debug|Any CPU.ActiveCfg = Debug|Any CPU
		{333C16B0-F221-425E-B502-842C58AD1B00}.Debug|Any CPU.Build.0 = Debug|Any CPU
		{333C16B0-F221-425E-B502-842C58AD1B00}.Release|Any CPU.ActiveCfg = Release|Any CPU
		{333C16B0-F221-425E-B502-842C58AD1B00}.Release|Any CPU.Build.0 = Release|Any CPU
		{C3AECCD1-8D61-474A-A698-1FB42182DE73}.Debug|Any CPU.ActiveCfg = Debug|Any CPU
		{C3AECCD1-8D61-474A-A698-1FB42182DE73}.Debug|Any CPU.Build.0 = Debug|Any CPU
		{C3AECCD1-8D61-474A-A698-1FB42182DE73}.Release|Any CPU.ActiveCfg = Release|Any CPU
		{C3AECCD1-8D61-474A-A698-1FB42182DE73}.Release|Any CPU.Build.0 = Release|Any CPU
		{63D8FAD3-0FBF-4216-B719-B4E814F014D6}.Debug|Any CPU.ActiveCfg = Debug|Any CPU
		{63D8FAD3-0FBF-4216-B719-B4E814F014D6}.Debug|Any CPU.Build.0 = Debug|Any CPU
		{63D8FAD3-0FBF-4216-B719-B4E814F014D6}.Release|Any CPU.ActiveCfg = Release|Any CPU
		{63D8FAD3-0FBF-4216-B719-B4E814F014D6}.Release|Any CPU.Build.0 = Release|Any CPU
		{BF6D3A28-C94C-4114-AC52-EC5F3FB00E0D}.Debug|Any CPU.ActiveCfg = Debug|Any CPU
		{BF6D3A28-C94C-4114-AC52-EC5F3FB00E0D}.Debug|Any CPU.Build.0 = Debug|Any CPU
		{BF6D3A28-C94C-4114-AC52-EC5F3FB00E0D}.Release|Any CPU.ActiveCfg = Release|Any CPU
		{BF6D3A28-C94C-4114-AC52-EC5F3FB00E0D}.Release|Any CPU.Build.0 = Release|Any CPU
		{B6F32110-52EC-41AD-8893-5C3DC8E41C08}.Debug|Any CPU.ActiveCfg = Debug|Any CPU
		{B6F32110-52EC-41AD-8893-5C3DC8E41C08}.Debug|Any CPU.Build.0 = Debug|Any CPU
		{B6F32110-52EC-41AD-8893-5C3DC8E41C08}.Release|Any CPU.ActiveCfg = Release|Any CPU
		{B6F32110-52EC-41AD-8893-5C3DC8E41C08}.Release|Any CPU.Build.0 = Release|Any CPU
		{3C1B3A52-54C4-406D-98AB-A610ECDFD636}.Debug|Any CPU.ActiveCfg = Debug|Any CPU
		{3C1B3A52-54C4-406D-98AB-A610ECDFD636}.Debug|Any CPU.Build.0 = Debug|Any CPU
		{3C1B3A52-54C4-406D-98AB-A610ECDFD636}.Release|Any CPU.ActiveCfg = Release|Any CPU
		{3C1B3A52-54C4-406D-98AB-A610ECDFD636}.Release|Any CPU.Build.0 = Release|Any CPU
		{14E7D1D9-7217-4B36-B9E7-477544005C26}.Debug|Any CPU.ActiveCfg = Debug|Any CPU
		{14E7D1D9-7217-4B36-B9E7-477544005C26}.Debug|Any CPU.Build.0 = Debug|Any CPU
		{14E7D1D9-7217-4B36-B9E7-477544005C26}.Release|Any CPU.ActiveCfg = Release|Any CPU
		{14E7D1D9-7217-4B36-B9E7-477544005C26}.Release|Any CPU.Build.0 = Release|Any CPU
		{D4C1C0A7-2F58-4C05-AC86-1430578BCA3E}.Debug|Any CPU.ActiveCfg = Debug|Any CPU
		{D4C1C0A7-2F58-4C05-AC86-1430578BCA3E}.Debug|Any CPU.Build.0 = Debug|Any CPU
		{D4C1C0A7-2F58-4C05-AC86-1430578BCA3E}.Release|Any CPU.ActiveCfg = Release|Any CPU
		{D4C1C0A7-2F58-4C05-AC86-1430578BCA3E}.Release|Any CPU.Build.0 = Release|Any CPU
		{4D5D9C57-D1F6-4D48-BEC5-0172EC80C23A}.Debug|Any CPU.ActiveCfg = Debug|Any CPU
		{4D5D9C57-D1F6-4D48-BEC5-0172EC80C23A}.Debug|Any CPU.Build.0 = Debug|Any CPU
		{4D5D9C57-D1F6-4D48-BEC5-0172EC80C23A}.Release|Any CPU.ActiveCfg = Release|Any CPU
		{4D5D9C57-D1F6-4D48-BEC5-0172EC80C23A}.Release|Any CPU.Build.0 = Release|Any CPU
		{BBD615EC-291D-404D-8BD2-A3711151BDF3}.Debug|Any CPU.ActiveCfg = Debug|Any CPU
		{BBD615EC-291D-404D-8BD2-A3711151BDF3}.Debug|Any CPU.Build.0 = Debug|Any CPU
		{BBD615EC-291D-404D-8BD2-A3711151BDF3}.Release|Any CPU.ActiveCfg = Release|Any CPU
		{BBD615EC-291D-404D-8BD2-A3711151BDF3}.Release|Any CPU.Build.0 = Release|Any CPU
	EndGlobalSection
	GlobalSection(SolutionProperties) = preSolution
		HideSolutionNode = FALSE
	EndGlobalSection
	GlobalSection(ExtensibilityGlobals) = postSolution
		SolutionGuid = {28030050-B2D0-4E8E-8ED7-F04E562877A6}
	EndGlobalSection
EndGlobal
